
Microsoft Visual Studio Solution File, Format Version 12.00
# Visual Studio Version 17
VisualStudioVersion = 17.12.35728.132 d17.12
MinimumVisualStudioVersion = 10.0.40219.1
Project("{FAE04EC0-301F-11D3-BF4B-00C04F79EFBC}") = "CvHantering", "CvHantering.csproj", "{AD62807E-6329-4E43-818E-9DAADFECE649}"
EndProject
Project("{2150E333-8FDC-42A3-9474-1A3956D46DE8}") = "Models", "Models", "{BDD5CFCF-8F35-4BF1-87FB-9C29144584F6}"
EndProject
Global
	GlobalSection(SolutionConfigurationPlatforms) = preSolution
		Debug|Any CPU = Debug|Any CPU
		Release|Any CPU = Release|Any CPU
	EndGlobalSection
	GlobalSection(ProjectConfigurationPlatforms) = postSolution
		{AD62807E-6329-4E43-818E-9DAADFECE649}.Debug|Any CPU.ActiveCfg = Debug|Any CPU
		{AD62807E-6329-4E43-818E-9DAADFECE649}.Debug|Any CPU.Build.0 = Debug|Any CPU
		{AD62807E-6329-4E43-818E-9DAADFECE649}.Release|Any CPU.ActiveCfg = Release|Any CPU
		{AD62807E-6329-4E43-818E-9DAADFECE649}.Release|Any CPU.Build.0 = Release|Any CPU
	EndGlobalSection
	GlobalSection(SolutionProperties) = preSolution
		HideSolutionNode = FALSE
	EndGlobalSection
EndGlobal
